// !$*UTF8*$!
{
	archiveVersion = 1;
	classes = {
	};
	objectVersion = 50;
	objects = {

/* Begin PBXBuildFile section */
		49369C7E222F912C00AEE502 /* Animation+UIView.swift in Sources */ = {isa = PBXBuildFile; fileRef = 49369C7D222F912C00AEE502 /* Animation+UIView.swift */; };
		498C67C42230E0D2002F4F52 /* HomePageController.swift in Sources */ = {isa = PBXBuildFile; fileRef = 498C67C32230E0D2002F4F52 /* HomePageController.swift */; };
		498C67C62230E3DF002F4F52 /* HomePageHeaderCell.swift in Sources */ = {isa = PBXBuildFile; fileRef = 498C67C52230E3DF002F4F52 /* HomePageHeaderCell.swift */; };
		49C676E6222EDE0300E156A0 /* AppDelegate.swift in Sources */ = {isa = PBXBuildFile; fileRef = 49C676E5222EDE0300E156A0 /* AppDelegate.swift */; };
		49C676E8222EDE0300E156A0 /* SignInController.swift in Sources */ = {isa = PBXBuildFile; fileRef = 49C676E7222EDE0300E156A0 /* SignInController.swift */; };
		49C676EE222EDE0300E156A0 /* Store.xcdatamodeld in Sources */ = {isa = PBXBuildFile; fileRef = 49C676EC222EDE0300E156A0 /* Store.xcdatamodeld */; };
		49C676F0222EDE0400E156A0 /* Assets.xcassets in Resources */ = {isa = PBXBuildFile; fileRef = 49C676EF222EDE0400E156A0 /* Assets.xcassets */; };
		49C676F3222EDE0400E156A0 /* LaunchScreen.storyboard in Resources */ = {isa = PBXBuildFile; fileRef = 49C676F1222EDE0400E156A0 /* LaunchScreen.storyboard */; };
		49C676FE222EDE0400E156A0 /* StoreTests.swift in Sources */ = {isa = PBXBuildFile; fileRef = 49C676FD222EDE0400E156A0 /* StoreTests.swift */; };
		49C67709222EDE0400E156A0 /* StoreUITests.swift in Sources */ = {isa = PBXBuildFile; fileRef = 49C67708222EDE0400E156A0 /* StoreUITests.swift */; };
		49C67717222EDF9000E156A0 /* Color+Hex.swift in Sources */ = {isa = PBXBuildFile; fileRef = 49C67716222EDF9000E156A0 /* Color+Hex.swift */; };
		49C6771B222EDFC600E156A0 /* Color+Theme.swift in Sources */ = {isa = PBXBuildFile; fileRef = 49C6771A222EDFC600E156A0 /* Color+Theme.swift */; };
		49C67720222EE74500E156A0 /* InputField.swift in Sources */ = {isa = PBXBuildFile; fileRef = 49C6771F222EE74500E156A0 /* InputField.swift */; };
		49C67723222EF24100E156A0 /* StackView+Extentions.swift in Sources */ = {isa = PBXBuildFile; fileRef = 49C67722222EF24100E156A0 /* StackView+Extentions.swift */; };
		49C67725222EF57400E156A0 /* CustomUIButton.swift in Sources */ = {isa = PBXBuildFile; fileRef = 49C67724222EF57400E156A0 /* CustomUIButton.swift */; };
		49C67727222F375800E156A0 /* Validations.swift in Sources */ = {isa = PBXBuildFile; fileRef = 49C67726222F375800E156A0 /* Validations.swift */; };
		49C6772A222F4C4400E156A0 /* SignUpController.swift in Sources */ = {isa = PBXBuildFile; fileRef = 49C67729222F4C4400E156A0 /* SignUpController.swift */; };
/* End PBXBuildFile section */

/* Begin PBXContainerItemProxy section */
		49C676FA222EDE0400E156A0 /* PBXContainerItemProxy */ = {
			isa = PBXContainerItemProxy;
			containerPortal = 49C676DA222EDE0300E156A0 /* Project object */;
			proxyType = 1;
			remoteGlobalIDString = 49C676E1222EDE0300E156A0;
			remoteInfo = Store;
		};
		49C67705222EDE0400E156A0 /* PBXContainerItemProxy */ = {
			isa = PBXContainerItemProxy;
			containerPortal = 49C676DA222EDE0300E156A0 /* Project object */;
			proxyType = 1;
			remoteGlobalIDString = 49C676E1222EDE0300E156A0;
			remoteInfo = Store;
		};
/* End PBXContainerItemProxy section */

/* Begin PBXFileReference section */
		49369C7D222F912C00AEE502 /* Animation+UIView.swift */ = {isa = PBXFileReference; lastKnownFileType = sourcecode.swift; path = "Animation+UIView.swift"; sourceTree = "<group>"; };
		498C67C32230E0D2002F4F52 /* HomePageController.swift */ = {isa = PBXFileReference; lastKnownFileType = sourcecode.swift; path = HomePageController.swift; sourceTree = "<group>"; };
		498C67C52230E3DF002F4F52 /* HomePageHeaderCell.swift */ = {isa = PBXFileReference; lastKnownFileType = sourcecode.swift; path = HomePageHeaderCell.swift; sourceTree = "<group>"; };
		49C676E2222EDE0300E156A0 /* Store.app */ = {isa = PBXFileReference; explicitFileType = wrapper.application; includeInIndex = 0; path = Store.app; sourceTree = BUILT_PRODUCTS_DIR; };
		49C676E5222EDE0300E156A0 /* AppDelegate.swift */ = {isa = PBXFileReference; lastKnownFileType = sourcecode.swift; path = AppDelegate.swift; sourceTree = "<group>"; };
		49C676E7222EDE0300E156A0 /* SignInController.swift */ = {isa = PBXFileReference; lastKnownFileType = sourcecode.swift; path = SignInController.swift; sourceTree = "<group>"; };
		49C676ED222EDE0300E156A0 /* Store.xcdatamodel */ = {isa = PBXFileReference; lastKnownFileType = wrapper.xcdatamodel; path = Store.xcdatamodel; sourceTree = "<group>"; };
		49C676EF222EDE0400E156A0 /* Assets.xcassets */ = {isa = PBXFileReference; lastKnownFileType = folder.assetcatalog; path = Assets.xcassets; sourceTree = "<group>"; };
		49C676F2222EDE0400E156A0 /* Base */ = {isa = PBXFileReference; lastKnownFileType = file.storyboard; name = Base; path = Base.lproj/LaunchScreen.storyboard; sourceTree = "<group>"; };
		49C676F4222EDE0400E156A0 /* Info.plist */ = {isa = PBXFileReference; lastKnownFileType = text.plist.xml; path = Info.plist; sourceTree = "<group>"; };
		49C676F9222EDE0400E156A0 /* StoreTests.xctest */ = {isa = PBXFileReference; explicitFileType = wrapper.cfbundle; includeInIndex = 0; path = StoreTests.xctest; sourceTree = BUILT_PRODUCTS_DIR; };
		49C676FD222EDE0400E156A0 /* StoreTests.swift */ = {isa = PBXFileReference; lastKnownFileType = sourcecode.swift; path = StoreTests.swift; sourceTree = "<group>"; };
		49C676FF222EDE0400E156A0 /* Info.plist */ = {isa = PBXFileReference; lastKnownFileType = text.plist.xml; path = Info.plist; sourceTree = "<group>"; };
		49C67704222EDE0400E156A0 /* StoreUITests.xctest */ = {isa = PBXFileReference; explicitFileType = wrapper.cfbundle; includeInIndex = 0; path = StoreUITests.xctest; sourceTree = BUILT_PRODUCTS_DIR; };
		49C67708222EDE0400E156A0 /* StoreUITests.swift */ = {isa = PBXFileReference; lastKnownFileType = sourcecode.swift; path = StoreUITests.swift; sourceTree = "<group>"; };
		49C6770A222EDE0400E156A0 /* Info.plist */ = {isa = PBXFileReference; lastKnownFileType = text.plist.xml; path = Info.plist; sourceTree = "<group>"; };
		49C67716222EDF9000E156A0 /* Color+Hex.swift */ = {isa = PBXFileReference; lastKnownFileType = sourcecode.swift; path = "Color+Hex.swift"; sourceTree = "<group>"; };
		49C6771A222EDFC600E156A0 /* Color+Theme.swift */ = {isa = PBXFileReference; lastKnownFileType = sourcecode.swift; path = "Color+Theme.swift"; sourceTree = "<group>"; };
		49C6771F222EE74500E156A0 /* InputField.swift */ = {isa = PBXFileReference; lastKnownFileType = sourcecode.swift; path = InputField.swift; sourceTree = "<group>"; };
		49C67722222EF24100E156A0 /* StackView+Extentions.swift */ = {isa = PBXFileReference; lastKnownFileType = sourcecode.swift; path = "StackView+Extentions.swift"; sourceTree = "<group>"; };
		49C67724222EF57400E156A0 /* CustomUIButton.swift */ = {isa = PBXFileReference; lastKnownFileType = sourcecode.swift; path = CustomUIButton.swift; sourceTree = "<group>"; };
		49C67726222F375800E156A0 /* Validations.swift */ = {isa = PBXFileReference; lastKnownFileType = sourcecode.swift; path = Validations.swift; sourceTree = "<group>"; };
		49C67729222F4C4400E156A0 /* SignUpController.swift */ = {isa = PBXFileReference; lastKnownFileType = sourcecode.swift; path = SignUpController.swift; sourceTree = "<group>"; };
/* End PBXFileReference section */

/* Begin PBXFrameworksBuildPhase section */
		49C676DF222EDE0300E156A0 /* Frameworks */ = {
			isa = PBXFrameworksBuildPhase;
			buildActionMask = 2147483647;
			files = (
			);
			runOnlyForDeploymentPostprocessing = 0;
		};
		49C676F6222EDE0400E156A0 /* Frameworks */ = {
			isa = PBXFrameworksBuildPhase;
			buildActionMask = 2147483647;
			files = (
			);
			runOnlyForDeploymentPostprocessing = 0;
		};
		49C67701222EDE0400E156A0 /* Frameworks */ = {
			isa = PBXFrameworksBuildPhase;
			buildActionMask = 2147483647;
			files = (
			);
			runOnlyForDeploymentPostprocessing = 0;
		};
/* End PBXFrameworksBuildPhase section */

/* Begin PBXGroup section */
		498C67BC2230B720002F4F52 /* RegisterVC */ = {
			isa = PBXGroup;
			children = (
				49C676E7222EDE0300E156A0 /* SignInController.swift */,
				49C67729222F4C4400E156A0 /* SignUpController.swift */,
			);
			path = RegisterVC;
			sourceTree = "<group>";
		};
		498C67BF2230CBD7002F4F52 /* Misc */ = {
			isa = PBXGroup;
			children = (
				49C6771F222EE74500E156A0 /* InputField.swift */,
				49C67724222EF57400E156A0 /* CustomUIButton.swift */,
			);
			path = Misc;
			sourceTree = "<group>";
		};
		49C676D9222EDE0300E156A0 = {
			isa = PBXGroup;
			children = (
				49C676E4222EDE0300E156A0 /* Store */,
				49C676FC222EDE0400E156A0 /* StoreTests */,
				49C67707222EDE0400E156A0 /* StoreUITests */,
				49C676E3222EDE0300E156A0 /* Products */,
			);
			sourceTree = "<group>";
		};
		49C676E3222EDE0300E156A0 /* Products */ = {
			isa = PBXGroup;
			children = (
				49C676E2222EDE0300E156A0 /* Store.app */,
				49C676F9222EDE0400E156A0 /* StoreTests.xctest */,
				49C67704222EDE0400E156A0 /* StoreUITests.xctest */,
			);
			name = Products;
			sourceTree = "<group>";
		};
		49C676E4222EDE0300E156A0 /* Store */ = {
			isa = PBXGroup;
			children = (
				49C676E5222EDE0300E156A0 /* AppDelegate.swift */,
				49C6771D222EE71D00E156A0 /* View */,
				49C6771C222EE71300E156A0 /* Controller */,
				49C6771E222EE72C00E156A0 /* Modal */,
				49C67718222EDFA300E156A0 /* Utils */,
				49C676EF222EDE0400E156A0 /* Assets.xcassets */,
				49C676F1222EDE0400E156A0 /* LaunchScreen.storyboard */,
				49C676F4222EDE0400E156A0 /* Info.plist */,
				49C676EC222EDE0300E156A0 /* Store.xcdatamodeld */,
			);
			path = Store;
			sourceTree = "<group>";
		};
		49C676FC222EDE0400E156A0 /* StoreTests */ = {
			isa = PBXGroup;
			children = (
				49C676FD222EDE0400E156A0 /* StoreTests.swift */,
				49C676FF222EDE0400E156A0 /* Info.plist */,
			);
			path = StoreTests;
			sourceTree = "<group>";
		};
		49C67707222EDE0400E156A0 /* StoreUITests */ = {
			isa = PBXGroup;
			children = (
				49C67708222EDE0400E156A0 /* StoreUITests.swift */,
				49C6770A222EDE0400E156A0 /* Info.plist */,
			);
			path = StoreUITests;
			sourceTree = "<group>";
		};
		49C67718222EDFA300E156A0 /* Utils */ = {
			isa = PBXGroup;
			children = (
				49C67721222EF22B00E156A0 /* Misc */,
				49C67719222EDFB300E156A0 /* Color */,
				49C67728222F3FF400E156A0 /* Validations */,
			);
			path = Utils;
			sourceTree = "<group>";
		};
		49C67719222EDFB300E156A0 /* Color */ = {
			isa = PBXGroup;
			children = (
				49C67716222EDF9000E156A0 /* Color+Hex.swift */,
				49C6771A222EDFC600E156A0 /* Color+Theme.swift */,
			);
			path = Color;
			sourceTree = "<group>";
		};
		49C6771C222EE71300E156A0 /* Controller */ = {
			isa = PBXGroup;
			children = (
				498C67BC2230B720002F4F52 /* RegisterVC */,
				498C67C32230E0D2002F4F52 /* HomePageController.swift */,
			);
			path = Controller;
			sourceTree = "<group>";
		};
		49C6771D222EE71D00E156A0 /* View */ = {
			isa = PBXGroup;
			children = (
				498C67BF2230CBD7002F4F52 /* Misc */,
				498C67C52230E3DF002F4F52 /* HomePageHeaderCell.swift */,
			);
			path = View;
			sourceTree = "<group>";
		};
		49C6771E222EE72C00E156A0 /* Modal */ = {
			isa = PBXGroup;
			children = (
			);
			path = Modal;
			sourceTree = "<group>";
		};
		49C67721222EF22B00E156A0 /* Misc */ = {
			isa = PBXGroup;
			children = (
				49C67722222EF24100E156A0 /* StackView+Extentions.swift */,
				49369C7D222F912C00AEE502 /* Animation+UIView.swift */,
			);
			path = Misc;
			sourceTree = "<group>";
		};
		49C67728222F3FF400E156A0 /* Validations */ = {
			isa = PBXGroup;
			children = (
				49C67726222F375800E156A0 /* Validations.swift */,
			);
			path = Validations;
			sourceTree = "<group>";
		};
/* End PBXGroup section */

/* Begin PBXNativeTarget section */
		49C676E1222EDE0300E156A0 /* Store */ = {
			isa = PBXNativeTarget;
			buildConfigurationList = 49C6770D222EDE0400E156A0 /* Build configuration list for PBXNativeTarget "Store" */;
			buildPhases = (
				49C676DE222EDE0300E156A0 /* Sources */,
				49C676DF222EDE0300E156A0 /* Frameworks */,
				49C676E0222EDE0300E156A0 /* Resources */,
			);
			buildRules = (
			);
			dependencies = (
			);
			name = Store;
			productName = Store;
			productReference = 49C676E2222EDE0300E156A0 /* Store.app */;
			productType = "com.apple.product-type.application";
		};
		49C676F8222EDE0400E156A0 /* StoreTests */ = {
			isa = PBXNativeTarget;
			buildConfigurationList = 49C67710222EDE0400E156A0 /* Build configuration list for PBXNativeTarget "StoreTests" */;
			buildPhases = (
				49C676F5222EDE0400E156A0 /* Sources */,
				49C676F6222EDE0400E156A0 /* Frameworks */,
				49C676F7222EDE0400E156A0 /* Resources */,
			);
			buildRules = (
			);
			dependencies = (
				49C676FB222EDE0400E156A0 /* PBXTargetDependency */,
			);
			name = StoreTests;
			productName = StoreTests;
			productReference = 49C676F9222EDE0400E156A0 /* StoreTests.xctest */;
			productType = "com.apple.product-type.bundle.unit-test";
		};
		49C67703222EDE0400E156A0 /* StoreUITests */ = {
			isa = PBXNativeTarget;
			buildConfigurationList = 49C67713222EDE0400E156A0 /* Build configuration list for PBXNativeTarget "StoreUITests" */;
			buildPhases = (
				49C67700222EDE0400E156A0 /* Sources */,
				49C67701222EDE0400E156A0 /* Frameworks */,
				49C67702222EDE0400E156A0 /* Resources */,
			);
			buildRules = (
			);
			dependencies = (
				49C67706222EDE0400E156A0 /* PBXTargetDependency */,
			);
			name = StoreUITests;
			productName = StoreUITests;
			productReference = 49C67704222EDE0400E156A0 /* StoreUITests.xctest */;
			productType = "com.apple.product-type.bundle.ui-testing";
		};
/* End PBXNativeTarget section */

/* Begin PBXProject section */
		49C676DA222EDE0300E156A0 /* Project object */ = {
			isa = PBXProject;
			attributes = {
				LastSwiftUpdateCheck = 1010;
				LastUpgradeCheck = 1010;
				ORGANIZATIONNAME = Jonathan;
				TargetAttributes = {
					49C676E1222EDE0300E156A0 = {
						CreatedOnToolsVersion = 10.1;
					};
					49C676F8222EDE0400E156A0 = {
						CreatedOnToolsVersion = 10.1;
						TestTargetID = 49C676E1222EDE0300E156A0;
					};
					49C67703222EDE0400E156A0 = {
						CreatedOnToolsVersion = 10.1;
						TestTargetID = 49C676E1222EDE0300E156A0;
					};
				};
			};
			buildConfigurationList = 49C676DD222EDE0300E156A0 /* Build configuration list for PBXProject "Store" */;
			compatibilityVersion = "Xcode 9.3";
			developmentRegion = en;
			hasScannedForEncodings = 0;
			knownRegions = (
				en,
				Base,
			);
			mainGroup = 49C676D9222EDE0300E156A0;
			productRefGroup = 49C676E3222EDE0300E156A0 /* Products */;
			projectDirPath = "";
			projectRoot = "";
			targets = (
				49C676E1222EDE0300E156A0 /* Store */,
				49C676F8222EDE0400E156A0 /* StoreTests */,
				49C67703222EDE0400E156A0 /* StoreUITests */,
			);
		};
/* End PBXProject section */

/* Begin PBXResourcesBuildPhase section */
		49C676E0222EDE0300E156A0 /* Resources */ = {
			isa = PBXResourcesBuildPhase;
			buildActionMask = 2147483647;
			files = (
				49C676F3222EDE0400E156A0 /* LaunchScreen.storyboard in Resources */,
				49C676F0222EDE0400E156A0 /* Assets.xcassets in Resources */,
			);
			runOnlyForDeploymentPostprocessing = 0;
		};
		49C676F7222EDE0400E156A0 /* Resources */ = {
			isa = PBXResourcesBuildPhase;
			buildActionMask = 2147483647;
			files = (
			);
			runOnlyForDeploymentPostprocessing = 0;
		};
		49C67702222EDE0400E156A0 /* Resources */ = {
			isa = PBXResourcesBuildPhase;
			buildActionMask = 2147483647;
			files = (
			);
			runOnlyForDeploymentPostprocessing = 0;
		};
/* End PBXResourcesBuildPhase section */

/* Begin PBXSourcesBuildPhase section */
		49C676DE222EDE0300E156A0 /* Sources */ = {
			isa = PBXSourcesBuildPhase;
			buildActionMask = 2147483647;
			files = (
				49C6771B222EDFC600E156A0 /* Color+Theme.swift in Sources */,
				49C676EE222EDE0300E156A0 /* Store.xcdatamodeld in Sources */,
				49C67717222EDF9000E156A0 /* Color+Hex.swift in Sources */,
				49369C7E222F912C00AEE502 /* Animation+UIView.swift in Sources */,
				49C676E8222EDE0300E156A0 /* SignInController.swift in Sources */,
				498C67C62230E3DF002F4F52 /* HomePageHeaderCell.swift in Sources */,
				498C67C42230E0D2002F4F52 /* HomePageController.swift in Sources */,
				49C67727222F375800E156A0 /* Validations.swift in Sources */,
				49C6772A222F4C4400E156A0 /* SignUpController.swift in Sources */,
				49C67725222EF57400E156A0 /* CustomUIButton.swift in Sources */,
				49C67723222EF24100E156A0 /* StackView+Extentions.swift in Sources */,
				49C676E6222EDE0300E156A0 /* AppDelegate.swift in Sources */,
				49C67720222EE74500E156A0 /* InputField.swift in Sources */,
			);
			runOnlyForDeploymentPostprocessing = 0;
		};
		49C676F5222EDE0400E156A0 /* Sources */ = {
			isa = PBXSourcesBuildPhase;
			buildActionMask = 2147483647;
			files = (
				49C676FE222EDE0400E156A0 /* StoreTests.swift in Sources */,
			);
			runOnlyForDeploymentPostprocessing = 0;
		};
		49C67700222EDE0400E156A0 /* Sources */ = {
			isa = PBXSourcesBuildPhase;
			buildActionMask = 2147483647;
			files = (
				49C67709222EDE0400E156A0 /* StoreUITests.swift in Sources */,
			);
			runOnlyForDeploymentPostprocessing = 0;
		};
/* End PBXSourcesBuildPhase section */

/* Begin PBXTargetDependency section */
		49C676FB222EDE0400E156A0 /* PBXTargetDependency */ = {
			isa = PBXTargetDependency;
			target = 49C676E1222EDE0300E156A0 /* Store */;
			targetProxy = 49C676FA222EDE0400E156A0 /* PBXContainerItemProxy */;
		};
		49C67706222EDE0400E156A0 /* PBXTargetDependency */ = {
			isa = PBXTargetDependency;
			target = 49C676E1222EDE0300E156A0 /* Store */;
			targetProxy = 49C67705222EDE0400E156A0 /* PBXContainerItemProxy */;
		};
/* End PBXTargetDependency section */

/* Begin PBXVariantGroup section */
		49C676F1222EDE0400E156A0 /* LaunchScreen.storyboard */ = {
			isa = PBXVariantGroup;
			children = (
				49C676F2222EDE0400E156A0 /* Base */,
			);
			name = LaunchScreen.storyboard;
			sourceTree = "<group>";
		};
/* End PBXVariantGroup section */

/* Begin XCBuildConfiguration section */
		49C6770B222EDE0400E156A0 /* Debug */ = {
			isa = XCBuildConfiguration;
			buildSettings = {
				ALWAYS_SEARCH_USER_PATHS = NO;
				CLANG_ANALYZER_NONNULL = YES;
				CLANG_ANALYZER_NUMBER_OBJECT_CONVERSION = YES_AGGRESSIVE;
				CLANG_CXX_LANGUAGE_STANDARD = "gnu++14";
				CLANG_CXX_LIBRARY = "libc++";
				CLANG_ENABLE_MODULES = YES;
				CLANG_ENABLE_OBJC_ARC = YES;
				CLANG_ENABLE_OBJC_WEAK = YES;
				CLANG_WARN_BLOCK_CAPTURE_AUTORELEASING = YES;
				CLANG_WARN_BOOL_CONVERSION = YES;
				CLANG_WARN_COMMA = YES;
				CLANG_WARN_CONSTANT_CONVERSION = YES;
				CLANG_WARN_DEPRECATED_OBJC_IMPLEMENTATIONS = YES;
				CLANG_WARN_DIRECT_OBJC_ISA_USAGE = YES_ERROR;
				CLANG_WARN_DOCUMENTATION_COMMENTS = YES;
				CLANG_WARN_EMPTY_BODY = YES;
				CLANG_WARN_ENUM_CONVERSION = YES;
				CLANG_WARN_INFINITE_RECURSION = YES;
				CLANG_WARN_INT_CONVERSION = YES;
				CLANG_WARN_NON_LITERAL_NULL_CONVERSION = YES;
				CLANG_WARN_OBJC_IMPLICIT_RETAIN_SELF = YES;
				CLANG_WARN_OBJC_LITERAL_CONVERSION = YES;
				CLANG_WARN_OBJC_ROOT_CLASS = YES_ERROR;
				CLANG_WARN_RANGE_LOOP_ANALYSIS = YES;
				CLANG_WARN_STRICT_PROTOTYPES = YES;
				CLANG_WARN_SUSPICIOUS_MOVE = YES;
				CLANG_WARN_UNGUARDED_AVAILABILITY = YES_AGGRESSIVE;
				CLANG_WARN_UNREACHABLE_CODE = YES;
				CLANG_WARN__DUPLICATE_METHOD_MATCH = YES;
				CODE_SIGN_IDENTITY = "iPhone Developer";
				COPY_PHASE_STRIP = NO;
				DEBUG_INFORMATION_FORMAT = dwarf;
				ENABLE_STRICT_OBJC_MSGSEND = YES;
				ENABLE_TESTABILITY = YES;
				GCC_C_LANGUAGE_STANDARD = gnu11;
				GCC_DYNAMIC_NO_PIC = NO;
				GCC_NO_COMMON_BLOCKS = YES;
				GCC_OPTIMIZATION_LEVEL = 0;
				GCC_PREPROCESSOR_DEFINITIONS = (
					"DEBUG=1",
					"$(inherited)",
				);
				GCC_WARN_64_TO_32_BIT_CONVERSION = YES;
				GCC_WARN_ABOUT_RETURN_TYPE = YES_ERROR;
				GCC_WARN_UNDECLARED_SELECTOR = YES;
				GCC_WARN_UNINITIALIZED_AUTOS = YES_AGGRESSIVE;
				GCC_WARN_UNUSED_FUNCTION = YES;
				GCC_WARN_UNUSED_VARIABLE = YES;
				IPHONEOS_DEPLOYMENT_TARGET = 12.1;
				MTL_ENABLE_DEBUG_INFO = INCLUDE_SOURCE;
				MTL_FAST_MATH = YES;
				ONLY_ACTIVE_ARCH = YES;
				SDKROOT = iphoneos;
				SWIFT_ACTIVE_COMPILATION_CONDITIONS = DEBUG;
				SWIFT_OPTIMIZATION_LEVEL = "-Onone";
			};
			name = Debug;
		};
		49C6770C222EDE0400E156A0 /* Release */ = {
			isa = XCBuildConfiguration;
			buildSettings = {
				ALWAYS_SEARCH_USER_PATHS = NO;
				CLANG_ANALYZER_NONNULL = YES;
				CLANG_ANALYZER_NUMBER_OBJECT_CONVERSION = YES_AGGRESSIVE;
				CLANG_CXX_LANGUAGE_STANDARD = "gnu++14";
				CLANG_CXX_LIBRARY = "libc++";
				CLANG_ENABLE_MODULES = YES;
				CLANG_ENABLE_OBJC_ARC = YES;
				CLANG_ENABLE_OBJC_WEAK = YES;
				CLANG_WARN_BLOCK_CAPTURE_AUTORELEASING = YES;
				CLANG_WARN_BOOL_CONVERSION = YES;
				CLANG_WARN_COMMA = YES;
				CLANG_WARN_CONSTANT_CONVERSION = YES;
				CLANG_WARN_DEPRECATED_OBJC_IMPLEMENTATIONS = YES;
				CLANG_WARN_DIRECT_OBJC_ISA_USAGE = YES_ERROR;
				CLANG_WARN_DOCUMENTATION_COMMENTS = YES;
				CLANG_WARN_EMPTY_BODY = YES;
				CLANG_WARN_ENUM_CONVERSION = YES;
				CLANG_WARN_INFINITE_RECURSION = YES;
				CLANG_WARN_INT_CONVERSION = YES;
				CLANG_WARN_NON_LITERAL_NULL_CONVERSION = YES;
				CLANG_WARN_OBJC_IMPLICIT_RETAIN_SELF = YES;
				CLANG_WARN_OBJC_LITERAL_CONVERSION = YES;
				CLANG_WARN_OBJC_ROOT_CLASS = YES_ERROR;
				CLANG_WARN_RANGE_LOOP_ANALYSIS = YES;
				CLANG_WARN_STRICT_PROTOTYPES = YES;
				CLANG_WARN_SUSPICIOUS_MOVE = YES;
				CLANG_WARN_UNGUARDED_AVAILABILITY = YES_AGGRESSIVE;
				CLANG_WARN_UNREACHABLE_CODE = YES;
				CLANG_WARN__DUPLICATE_METHOD_MATCH = YES;
				CODE_SIGN_IDENTITY = "iPhone Developer";
				COPY_PHASE_STRIP = NO;
				DEBUG_INFORMATION_FORMAT = "dwarf-with-dsym";
				ENABLE_NS_ASSERTIONS = NO;
				ENABLE_STRICT_OBJC_MSGSEND = YES;
				GCC_C_LANGUAGE_STANDARD = gnu11;
				GCC_NO_COMMON_BLOCKS = YES;
				GCC_WARN_64_TO_32_BIT_CONVERSION = YES;
				GCC_WARN_ABOUT_RETURN_TYPE = YES_ERROR;
				GCC_WARN_UNDECLARED_SELECTOR = YES;
				GCC_WARN_UNINITIALIZED_AUTOS = YES_AGGRESSIVE;
				GCC_WARN_UNUSED_FUNCTION = YES;
				GCC_WARN_UNUSED_VARIABLE = YES;
				IPHONEOS_DEPLOYMENT_TARGET = 12.1;
				MTL_ENABLE_DEBUG_INFO = NO;
				MTL_FAST_MATH = YES;
				SDKROOT = iphoneos;
				SWIFT_COMPILATION_MODE = wholemodule;
				SWIFT_OPTIMIZATION_LEVEL = "-O";
				VALIDATE_PRODUCT = YES;
			};
			name = Release;
		};
		49C6770E222EDE0400E156A0 /* Debug */ = {
			isa = XCBuildConfiguration;
			buildSettings = {
				ASSETCATALOG_COMPILER_APPICON_NAME = AppIcon;
				CODE_SIGN_STYLE = Automatic;
				DEVELOPMENT_TEAM = MBQ2JLQD83;
				INFOPLIST_FILE = Store/Info.plist;
				LD_RUNPATH_SEARCH_PATHS = (
					"$(inherited)",
					"@executable_path/Frameworks",
				);
				PRODUCT_BUNDLE_IDENTIFIER = com.jon.Store;
				PRODUCT_NAME = "$(TARGET_NAME)";
				SWIFT_VERSION = 4.2;
				TARGETED_DEVICE_FAMILY = "1,2";
			};
			name = Debug;
		};
		49C6770F222EDE0400E156A0 /* Release */ = {
			isa = XCBuildConfiguration;
			buildSettings = {
				ASSETCATALOG_COMPILER_APPICON_NAME = AppIcon;
				CODE_SIGN_STYLE = Automatic;
				DEVELOPMENT_TEAM = MBQ2JLQD83;
				INFOPLIST_FILE = Store/Info.plist;
				LD_RUNPATH_SEARCH_PATHS = (
					"$(inherited)",
					"@executable_path/Frameworks",
				);
				PRODUCT_BUNDLE_IDENTIFIER = com.jon.Store;
				PRODUCT_NAME = "$(TARGET_NAME)";
				SWIFT_VERSION = 4.2;
				TARGETED_DEVICE_FAMILY = "1,2";
			};
			name = Release;
		};
		49C67711222EDE0400E156A0 /* Debug */ = {
			isa = XCBuildConfiguration;
			buildSettings = {
				ALWAYS_EMBED_SWIFT_STANDARD_LIBRARIES = YES;
				BUNDLE_LOADER = "$(TEST_HOST)";
				CODE_SIGN_STYLE = Automatic;
				DEVELOPMENT_TEAM = MBQ2JLQD83;
				INFOPLIST_FILE = StoreTests/Info.plist;
				LD_RUNPATH_SEARCH_PATHS = (
					"$(inherited)",
					"@executable_path/Frameworks",
					"@loader_path/Frameworks",
				);
				PRODUCT_BUNDLE_IDENTIFIER = com.jon.StoreTests;
				PRODUCT_NAME = "$(TARGET_NAME)";
				SWIFT_VERSION = 4.2;
				TARGETED_DEVICE_FAMILY = "1,2";
				TEST_HOST = "$(BUILT_PRODUCTS_DIR)/Store.app/Store";
			};
			name = Debug;
		};
		49C67712222EDE0400E156A0 /* Release */ = {
			isa = XCBuildConfiguration;
			buildSettings = {
				ALWAYS_EMBED_SWIFT_STANDARD_LIBRARIES = YES;
				BUNDLE_LOADER = "$(TEST_HOST)";
				CODE_SIGN_STYLE = Automatic;
				DEVELOPMENT_TEAM = MBQ2JLQD83;
				INFOPLIST_FILE = StoreTests/Info.plist;
				LD_RUNPATH_SEARCH_PATHS = (
					"$(inherited)",
					"@executable_path/Frameworks",
					"@loader_path/Frameworks",
				);
				PRODUCT_BUNDLE_IDENTIFIER = com.jon.StoreTests;
				PRODUCT_NAME = "$(TARGET_NAME)";
				SWIFT_VERSION = 4.2;
				TARGETED_DEVICE_FAMILY = "1,2";
				TEST_HOST = "$(BUILT_PRODUCTS_DIR)/Store.app/Store";
			};
			name = Release;
		};
		49C67714222EDE0400E156A0 /* Debug */ = {
			isa = XCBuildConfiguration;
			buildSettings = {
				ALWAYS_EMBED_SWIFT_STANDARD_LIBRARIES = YES;
				CODE_SIGN_STYLE = Automatic;
				DEVELOPMENT_TEAM = MBQ2JLQD83;
				INFOPLIST_FILE = StoreUITests/Info.plist;
				LD_RUNPATH_SEARCH_PATHS = (
					"$(inherited)",
					"@executable_path/Frameworks",
					"@loader_path/Frameworks",
				);
				PRODUCT_BUNDLE_IDENTIFIER = com.jon.StoreUITests;
				PRODUCT_NAME = "$(TARGET_NAME)";
				SWIFT_VERSION = 4.2;
				TARGETED_DEVICE_FAMILY = "1,2";
				TEST_TARGET_NAME = Store;
			};
			name = Debug;
		};
		49C67715222EDE0400E156A0 /* Release */ = {
			isa = XCBuildConfiguration;
			buildSettings = {
				ALWAYS_EMBED_SWIFT_STANDARD_LIBRARIES = YES;
				CODE_SIGN_STYLE = Automatic;
				DEVELOPMENT_TEAM = MBQ2JLQD83;
				INFOPLIST_FILE = StoreUITests/Info.plist;
				LD_RUNPATH_SEARCH_PATHS = (
					"$(inherited)",
					"@executable_path/Frameworks",
					"@loader_path/Frameworks",
				);
				PRODUCT_BUNDLE_IDENTIFIER = com.jon.StoreUITests;
				PRODUCT_NAME = "$(TARGET_NAME)";
				SWIFT_VERSION = 4.2;
				TARGETED_DEVICE_FAMILY = "1,2";
				TEST_TARGET_NAME = Store;
			};
			name = Release;
		};
/* End XCBuildConfiguration section */

/* Begin XCConfigurationList section */
		49C676DD222EDE0300E156A0 /* Build configuration list for PBXProject "Store" */ = {
			isa = XCConfigurationList;
			buildConfigurations = (
				49C6770B222EDE0400E156A0 /* Debug */,
				49C6770C222EDE0400E156A0 /* Release */,
			);
			defaultConfigurationIsVisible = 0;
			defaultConfigurationName = Release;
		};
		49C6770D222EDE0400E156A0 /* Build configuration list for PBXNativeTarget "Store" */ = {
			isa = XCConfigurationList;
			buildConfigurations = (
				49C6770E222EDE0400E156A0 /* Debug */,
				49C6770F222EDE0400E156A0 /* Release */,
			);
			defaultConfigurationIsVisible = 0;
			defaultConfigurationName = Release;
		};
		49C67710222EDE0400E156A0 /* Build configuration list for PBXNativeTarget "StoreTests" */ = {
			isa = XCConfigurationList;
			buildConfigurations = (
				49C67711222EDE0400E156A0 /* Debug */,
				49C67712222EDE0400E156A0 /* Release */,
			);
			defaultConfigurationIsVisible = 0;
			defaultConfigurationName = Release;
		};
		49C67713222EDE0400E156A0 /* Build configuration list for PBXNativeTarget "StoreUITests" */ = {
			isa = XCConfigurationList;
			buildConfigurations = (
				49C67714222EDE0400E156A0 /* Debug */,
				49C67715222EDE0400E156A0 /* Release */,
			);
			defaultConfigurationIsVisible = 0;
			defaultConfigurationName = Release;
		};
/* End XCConfigurationList section */

/* Begin XCVersionGroup section */
		49C676EC222EDE0300E156A0 /* Store.xcdatamodeld */ = {
			isa = XCVersionGroup;
			children = (
				49C676ED222EDE0300E156A0 /* Store.xcdatamodel */,
			);
			currentVersion = 49C676ED222EDE0300E156A0 /* Store.xcdatamodel */;
			path = Store.xcdatamodeld;
			sourceTree = "<group>";
			versionGroupType = wrapper.xcdatamodel;
		};
/* End XCVersionGroup section */
	};
	rootObject = 49C676DA222EDE0300E156A0 /* Project object */;
}
